
Microsoft Visual Studio Solution File, Format Version 12.00
# Visual Studio 15
VisualStudioVersion = 15.0.28307.271
MinimumVisualStudioVersion = 10.0.40219.1
Project("{FAE04EC0-301F-11D3-BF4B-00C04F79EFBC}") = "EnterpriseBot1", "EnterpriseBot1\EnterpriseBot1\EnterpriseBot1.csproj", "{F8E78F35-0312-489B-84A8-4B1026BC24C6}"
EndProject
Project("{FAE04EC0-301F-11D3-BF4B-00C04F79EFBC}") = "EnterpriseBot1.Tests", "EnterpriseBot1\EnterpriseBot1.Tests\EnterpriseBot1.Tests.csproj", "{77B226CA-5766-4A66-BDEB-867CD5E09446}"
EndProject
Global
	GlobalSection(SolutionConfigurationPlatforms) = preSolution
		Debug|Any CPU = Debug|Any CPU
		Release|Any CPU = Release|Any CPU
	EndGlobalSection
	GlobalSection(ProjectConfigurationPlatforms) = postSolution
		{F8E78F35-0312-489B-84A8-4B1026BC24C6}.Debug|Any CPU.ActiveCfg = Debug|Any CPU
		{F8E78F35-0312-489B-84A8-4B1026BC24C6}.Debug|Any CPU.Build.0 = Debug|Any CPU
		{F8E78F35-0312-489B-84A8-4B1026BC24C6}.Release|Any CPU.ActiveCfg = Release|Any CPU
		{F8E78F35-0312-489B-84A8-4B1026BC24C6}.Release|Any CPU.Build.0 = Release|Any CPU
		{77B226CA-5766-4A66-BDEB-867CD5E09446}.Debug|Any CPU.ActiveCfg = Debug|Any CPU
		{77B226CA-5766-4A66-BDEB-867CD5E09446}.Debug|Any CPU.Build.0 = Debug|Any CPU
		{77B226CA-5766-4A66-BDEB-867CD5E09446}.Release|Any CPU.ActiveCfg = Release|Any CPU
		{77B226CA-5766-4A66-BDEB-867CD5E09446}.Release|Any CPU.Build.0 = Release|Any CPU
	EndGlobalSection
	GlobalSection(SolutionProperties) = preSolution
		HideSolutionNode = FALSE
	EndGlobalSection
	GlobalSection(ExtensibilityGlobals) = postSolution
		SolutionGuid = {5622F34E-C60F-4AE9-93D1-3C815D96A0FD}
	EndGlobalSection
EndGlobal
